
Microsoft Visual Studio Solution File, Format Version 12.00
# Visual Studio Version 17
VisualStudioVersion = 17.7.34018.315
MinimumVisualStudioVersion = 10.0.40219.1
Project("{FAE04EC0-301F-11D3-BF4B-00C04F79EFBC}") = "nexodus-windows-agent-ui", "nexodus-windows-agent-ui.csproj", "{847F6085-7DC2-40DC-B15A-11AECA52871D}"
EndProject
Global
	GlobalSection(SolutionConfigurationPlatforms) = preSolution
		Debug|Any CPU = Debug|Any CPU
		Release|Any CPU = Release|Any CPU
	EndGlobalSection
	GlobalSection(ProjectConfigurationPlatforms) = postSolution
		{847F6085-7DC2-40DC-B15A-11AECA52871D}.Debug|Any CPU.ActiveCfg = Debug|Any CPU
		{847F6085-7DC2-40DC-B15A-11AECA52871D}.Debug|Any CPU.Build.0 = Debug|Any CPU
		{847F6085-7DC2-40DC-B15A-11AECA52871D}.Release|Any CPU.ActiveCfg = Release|Any CPU
		{847F6085-7DC2-40DC-B15A-11AECA52871D}.Release|Any CPU.Build.0 = Release|Any CPU
	EndGlobalSection
	GlobalSection(SolutionProperties) = preSolution
		HideSolutionNode = FALSE
	EndGlobalSection
	GlobalSection(ExtensibilityGlobals) = postSolution
		SolutionGuid = {FDDC7237-B648-40E5-8DD2-81FA78711663}
	EndGlobalSection
EndGlobal
